{
  "lockfileVersion": 1,
  "workspaces": {
    "": {
      "name": "card-confluence",
      "devDependencies": {
        "prettier": "^3.7.4",
        "turbo": "^2.9.3",
        "typescript": "5.9.2",
      },
    },
    "packages/scryfall-ts-bindings": {
      "name": "scryfall-ts-bindings",
      "devDependencies": {
        "@scryfall/api-types": "^1.0.0-alpha.4",
      },
    },
  },
  "packages": {
    "@scryfall/api-types": ["@scryfall/api-types@1.0.0-alpha.4", "", {}, "sha512-uxoJPA5r0va3xo1h5Su+0J8ptG1BS7+Uw+67sV7NTBIhR7Ly9cYrRv0un4Q3Z/h+D8jjTWNwablUbDG6zULcVA=="],

    "@turbo/darwin-64": ["@turbo/darwin-64@2.9.3", "", { "os": "darwin", "cpu": "x64" }, "sha512-P8foouaP+y/p+hhEGBoZpzMbpVvUMwPjDpcy6wN7EYfvvyISD1USuV27qWkczecihwuPJzQ1lDBuL8ERcavTyg=="],

    "@turbo/darwin-arm64": ["@turbo/darwin-arm64@2.9.3", "", { "os": "darwin", "cpu": "arm64" }, "sha512-SIzEkvtNdzdI50FJDaIQ6kQGqgSSdFPcdn0wqmmONN6iGKjy6hsT+EH99GP65FsfV7DLZTh2NmtTIRl2kdoz5Q=="],

    "@turbo/linux-64": ["@turbo/linux-64@2.9.3", "", { "os": "linux", "cpu": "x64" }, "sha512-pLRwFmcHHNBvsCySLS6OFabr/07kDT2pxEt/k6eBf/3asiVQZKJ7Rk88AafQx2aYA641qek4RsXvYO3JYpiBug=="],

    "@turbo/linux-arm64": ["@turbo/linux-arm64@2.9.3", "", { "os": "linux", "cpu": "arm64" }, "sha512-gy6ApUroC2Nzv+qjGtE/uPNkhHAFU4c8God+zd5Aiv9L9uBgHlxVJpHT3XWl5xwlJZ2KWuMrlHTaS5kmNB+q1Q=="],

    "@turbo/windows-64": ["@turbo/windows-64@2.9.3", "", { "os": "win32", "cpu": "x64" }, "sha512-d0YelTX6hAsB7kIEtGB3PzIzSfAg3yDoUlHwuwJc3adBXUsyUIs0YLG+1NNtuhcDOUGnWQeKUoJ2pGWvbpRj7w=="],

    "@turbo/windows-arm64": ["@turbo/windows-arm64@2.9.3", "", { "os": "win32", "cpu": "arm64" }, "sha512-/08CwpKJl3oRY8nOlh2YgilZVJDHsr60XTNxRhuDeuFXONpUZ5X+Nv65izbG/xBew9qxcJFbDX9/sAmAX+ITcQ=="],

    "prettier": ["prettier@3.8.1", "", { "bin": { "prettier": "bin/prettier.cjs" } }, "sha512-UOnG6LftzbdaHZcKoPFtOcCKztrQ57WkHDeRD9t/PTQtmT0NHSeWWepj6pS0z/N7+08BHFDQVUrfmfMRcZwbMg=="],

    "scryfall-ts-bindings": ["scryfall-ts-bindings@workspace:packages/scryfall-ts-bindings"],

    "turbo": ["turbo@2.9.3", "", { "optionalDependencies": { "@turbo/darwin-64": "2.9.3", "@turbo/darwin-arm64": "2.9.3", "@turbo/linux-64": "2.9.3", "@turbo/linux-arm64": "2.9.3", "@turbo/windows-64": "2.9.3", "@turbo/windows-arm64": "2.9.3" }, "bin": { "turbo": "bin/turbo" } }, "sha512-J/VUvsGRykPb9R8Kh8dHVBOqioDexLk9BhLCU/ZybRR+HN9UR3cURdazFvNgMDt9zPP8TF6K73Z+tplfmi0PqQ=="],

    "typescript": ["typescript@5.9.2", "", { "bin": { "tsc": "bin/tsc", "tsserver": "bin/tsserver" } }, "sha512-CWBzXQrc/qOkhidw1OzBTQuYRbfyxDXJMVJ1XNwUHGROVmuaeiEm3OslpZ1RV96d7SKKjZKrSJu3+t/xlw3R9A=="],
  }
}
